
Microsoft Visual Studio Solution File, Format Version 12.00
# Visual Studio 2012
Project("{FAE04EC0-301F-11D3-BF4B-00C04F79EFBC}") = "Сatalog", "Сatalog\Сatalog.csproj", "{42A1AC73-BC6A-4796-96B5-2F488EA6471F}"
EndProject
Global
	GlobalSection(SolutionConfigurationPlatforms) = preSolution
		Debug|Any CPU = Debug|Any CPU
		Release|Any CPU = Release|Any CPU
	EndGlobalSection
	GlobalSection(ProjectConfigurationPlatforms) = postSolution
		{42A1AC73-BC6A-4796-96B5-2F488EA6471F}.Debug|Any CPU.ActiveCfg = Debug|Any CPU
		{42A1AC73-BC6A-4796-96B5-2F488EA6471F}.Debug|Any CPU.Build.0 = Debug|Any CPU
		{42A1AC73-BC6A-4796-96B5-2F488EA6471F}.Release|Any CPU.ActiveCfg = Release|Any CPU
		{42A1AC73-BC6A-4796-96B5-2F488EA6471F}.Release|Any CPU.Build.0 = Release|Any CPU
	EndGlobalSection
	GlobalSection(SolutionProperties) = preSolution
		HideSolutionNode = FALSE
	EndGlobalSection
EndGlobal
